
Microsoft Visual Studio Solution File, Format Version 12.00
# Visual Studio Version 17
VisualStudioVersion = 17.10.34928.147
MinimumVisualStudioVersion = 10.0.40219.1
Project("{9A19103F-16F7-4668-BE54-9A1E7A4F7556}") = "RecadoApi", "RecadoApi\RecadoApi.csproj", "{CDBA1E86-7089-4D59-802A-E87F12B44A07}"
EndProject
Project("{9A19103F-16F7-4668-BE54-9A1E7A4F7556}") = "RecadoInfra", "RecadoInfra\RecadoInfra.csproj", "{593722DA-9ABA-4398-9A92-DFB0A8103835}"
EndProject
Project("{9A19103F-16F7-4668-BE54-9A1E7A4F7556}") = "RecadoModel", "RecadoModel\RecadoModel.csproj", "{F4DBF404-2483-4303-B08F-03B91BC45FEC}"
EndProject
Project("{9A19103F-16F7-4668-BE54-9A1E7A4F7556}") = "RecadoBlazor", "RecadoBlazor\RecadoBlazor.csproj", "{30ECA00D-6B60-40DB-9159-D228DCBF92B0}"
EndProject
Global
	GlobalSection(SolutionConfigurationPlatforms) = preSolution
		Debug|Any CPU = Debug|Any CPU
		Release|Any CPU = Release|Any CPU
	EndGlobalSection
	GlobalSection(ProjectConfigurationPlatforms) = postSolution
		{CDBA1E86-7089-4D59-802A-E87F12B44A07}.Debug|Any CPU.ActiveCfg = Debug|Any CPU
		{CDBA1E86-7089-4D59-802A-E87F12B44A07}.Debug|Any CPU.Build.0 = Debug|Any CPU
		{CDBA1E86-7089-4D59-802A-E87F12B44A07}.Release|Any CPU.ActiveCfg = Release|Any CPU
		{CDBA1E86-7089-4D59-802A-E87F12B44A07}.Release|Any CPU.Build.0 = Release|Any CPU
		{593722DA-9ABA-4398-9A92-DFB0A8103835}.Debug|Any CPU.ActiveCfg = Debug|Any CPU
		{593722DA-9ABA-4398-9A92-DFB0A8103835}.Debug|Any CPU.Build.0 = Debug|Any CPU
		{593722DA-9ABA-4398-9A92-DFB0A8103835}.Release|Any CPU.ActiveCfg = Release|Any CPU
		{593722DA-9ABA-4398-9A92-DFB0A8103835}.Release|Any CPU.Build.0 = Release|Any CPU
		{F4DBF404-2483-4303-B08F-03B91BC45FEC}.Debug|Any CPU.ActiveCfg = Debug|Any CPU
		{F4DBF404-2483-4303-B08F-03B91BC45FEC}.Debug|Any CPU.Build.0 = Debug|Any CPU
		{F4DBF404-2483-4303-B08F-03B91BC45FEC}.Release|Any CPU.ActiveCfg = Release|Any CPU
		{F4DBF404-2483-4303-B08F-03B91BC45FEC}.Release|Any CPU.Build.0 = Release|Any CPU
		{30ECA00D-6B60-40DB-9159-D228DCBF92B0}.Debug|Any CPU.ActiveCfg = Debug|Any CPU
		{30ECA00D-6B60-40DB-9159-D228DCBF92B0}.Debug|Any CPU.Build.0 = Debug|Any CPU
		{30ECA00D-6B60-40DB-9159-D228DCBF92B0}.Release|Any CPU.ActiveCfg = Release|Any CPU
		{30ECA00D-6B60-40DB-9159-D228DCBF92B0}.Release|Any CPU.Build.0 = Release|Any CPU
	EndGlobalSection
	GlobalSection(SolutionProperties) = preSolution
		HideSolutionNode = FALSE
	EndGlobalSection
	GlobalSection(ExtensibilityGlobals) = postSolution
		SolutionGuid = {BCCF6784-AD8F-4B08-A5DB-C6481F4C4B50}
	EndGlobalSection
EndGlobal
